// !$*UTF8*$!
{
	archiveVersion = 1;
	classes = {
	};
	objectVersion = 50;
	objects = {

/* Begin PBXBuildFile section */
		F31748AD227CE03C0096F751 /* PickerViewDataSource.swift in Sources */ = {isa = PBXBuildFile; fileRef = F31748AC227CE03C0096F751 /* PickerViewDataSource.swift */; };
		F31748AF227D03D10096F751 /* UITableView+AbsoluteIndexForRowInSection.swift in Sources */ = {isa = PBXBuildFile; fileRef = F31748AE227D03D10096F751 /* UITableView+AbsoluteIndexForRowInSection.swift */; };
		F31748C92280D62E0096F751 /* FileManager+UserDocumentsDirectory.swift in Sources */ = {isa = PBXBuildFile; fileRef = F31748C82280D62E0096F751 /* FileManager+UserDocumentsDirectory.swift */; };
		F3ECDEE222798D6000C67293 /* AppDelegate.swift in Sources */ = {isa = PBXBuildFile; fileRef = F3ECDEE122798D6000C67293 /* AppDelegate.swift */; };
		F3ECDEE722798D6000C67293 /* Main.storyboard in Resources */ = {isa = PBXBuildFile; fileRef = F3ECDEE522798D6000C67293 /* Main.storyboard */; };
		F3ECDEE922798D6100C67293 /* Assets.xcassets in Resources */ = {isa = PBXBuildFile; fileRef = F3ECDEE822798D6100C67293 /* Assets.xcassets */; };
		F3ECDEEC22798D6100C67293 /* LaunchScreen.storyboard in Resources */ = {isa = PBXBuildFile; fileRef = F3ECDEEA22798D6100C67293 /* LaunchScreen.storyboard */; };
		F3ECDEF822798EDD00C67293 /* Emoji.swift in Sources */ = {isa = PBXBuildFile; fileRef = F3ECDEF722798EDD00C67293 /* Emoji.swift */; };
		F3ECDEFA22799B8200C67293 /* EmojiListViewController.swift in Sources */ = {isa = PBXBuildFile; fileRef = F3ECDEF922799B8200C67293 /* EmojiListViewController.swift */; };
		F3ECDEFD22799BE100C67293 /* TableViewDataSource.swift in Sources */ = {isa = PBXBuildFile; fileRef = F3ECDEFC22799BE100C67293 /* TableViewDataSource.swift */; };
		F3ECDF002279B24100C67293 /* StoryboardID.swift in Sources */ = {isa = PBXBuildFile; fileRef = F3ECDEFF2279B24100C67293 /* StoryboardID.swift */; };
		F3ECDF022279B77000C67293 /* EmojiManager.swift in Sources */ = {isa = PBXBuildFile; fileRef = F3ECDF012279B77000C67293 /* EmojiManager.swift */; };
		F3ECDF042279BD2E00C67293 /* Endpoint.swift in Sources */ = {isa = PBXBuildFile; fileRef = F3ECDF032279BD2E00C67293 /* Endpoint.swift */; };
		F3ECDF062279EBEB00C67293 /* EmojiListViewModel.swift in Sources */ = {isa = PBXBuildFile; fileRef = F3ECDF052279EBEB00C67293 /* EmojiListViewModel.swift */; };
		F3ECDF0A2279FC3900C67293 /* emoji-data.json in Resources */ = {isa = PBXBuildFile; fileRef = F3ECDF092279FC3900C67293 /* emoji-data.json */; };
		F3ECDF0C227A277700C67293 /* SectionedTableViewDataSource.swift in Sources */ = {isa = PBXBuildFile; fileRef = F3ECDF0B227A277700C67293 /* SectionedTableViewDataSource.swift */; };
		F3ECDF0F227A2ACC00C67293 /* TableViewDataSource+MakeForEmojis.swift in Sources */ = {isa = PBXBuildFile; fileRef = F3ECDF0E227A2ACC00C67293 /* TableViewDataSource+MakeForEmojis.swift */; };
		F3ECDF15227BAA0600C67293 /* EmojiTableViewCell.swift in Sources */ = {isa = PBXBuildFile; fileRef = F3ECDF14227BAA0500C67293 /* EmojiTableViewCell.swift */; };
		F3ECDF18227BAE2F00C67293 /* EmojiTableCellViewModel.swift in Sources */ = {isa = PBXBuildFile; fileRef = F3ECDF17227BAE2F00C67293 /* EmojiTableCellViewModel.swift */; };
		F3ECDF1B227C75CD00C67293 /* AddEditEmojiViewController.swift in Sources */ = {isa = PBXBuildFile; fileRef = F3ECDF1A227C75CD00C67293 /* AddEditEmojiViewController.swift */; };
/* End PBXBuildFile section */

/* Begin PBXFileReference section */
		F31748AC227CE03C0096F751 /* PickerViewDataSource.swift */ = {isa = PBXFileReference; lastKnownFileType = sourcecode.swift; path = PickerViewDataSource.swift; sourceTree = "<group>"; };
		F31748AE227D03D10096F751 /* UITableView+AbsoluteIndexForRowInSection.swift */ = {isa = PBXFileReference; lastKnownFileType = sourcecode.swift; path = "UITableView+AbsoluteIndexForRowInSection.swift"; sourceTree = "<group>"; };
		F31748C82280D62E0096F751 /* FileManager+UserDocumentsDirectory.swift */ = {isa = PBXFileReference; lastKnownFileType = sourcecode.swift; path = "FileManager+UserDocumentsDirectory.swift"; sourceTree = "<group>"; };
		F3ECDEDE22798D6000C67293 /* EmojiDictionary.app */ = {isa = PBXFileReference; explicitFileType = wrapper.application; includeInIndex = 0; path = EmojiDictionary.app; sourceTree = BUILT_PRODUCTS_DIR; };
		F3ECDEE122798D6000C67293 /* AppDelegate.swift */ = {isa = PBXFileReference; lastKnownFileType = sourcecode.swift; path = AppDelegate.swift; sourceTree = "<group>"; };
		F3ECDEE622798D6000C67293 /* Base */ = {isa = PBXFileReference; lastKnownFileType = file.storyboard; name = Base; path = Base.lproj/Main.storyboard; sourceTree = "<group>"; };
		F3ECDEE822798D6100C67293 /* Assets.xcassets */ = {isa = PBXFileReference; lastKnownFileType = folder.assetcatalog; path = Assets.xcassets; sourceTree = "<group>"; };
		F3ECDEEB22798D6100C67293 /* Base */ = {isa = PBXFileReference; lastKnownFileType = file.storyboard; name = Base; path = Base.lproj/LaunchScreen.storyboard; sourceTree = "<group>"; };
		F3ECDEED22798D6100C67293 /* Info.plist */ = {isa = PBXFileReference; lastKnownFileType = text.plist.xml; path = Info.plist; sourceTree = "<group>"; };
		F3ECDEF722798EDD00C67293 /* Emoji.swift */ = {isa = PBXFileReference; lastKnownFileType = sourcecode.swift; path = Emoji.swift; sourceTree = "<group>"; };
		F3ECDEF922799B8200C67293 /* EmojiListViewController.swift */ = {isa = PBXFileReference; lastKnownFileType = sourcecode.swift; path = EmojiListViewController.swift; sourceTree = "<group>"; };
		F3ECDEFC22799BE100C67293 /* TableViewDataSource.swift */ = {isa = PBXFileReference; fileEncoding = 4; lastKnownFileType = sourcecode.swift; path = TableViewDataSource.swift; sourceTree = "<group>"; };
		F3ECDEFF2279B24100C67293 /* StoryboardID.swift */ = {isa = PBXFileReference; lastKnownFileType = sourcecode.swift; path = StoryboardID.swift; sourceTree = "<group>"; };
		F3ECDF012279B77000C67293 /* EmojiManager.swift */ = {isa = PBXFileReference; lastKnownFileType = sourcecode.swift; path = EmojiManager.swift; sourceTree = "<group>"; };
		F3ECDF032279BD2E00C67293 /* Endpoint.swift */ = {isa = PBXFileReference; lastKnownFileType = sourcecode.swift; path = Endpoint.swift; sourceTree = "<group>"; };
		F3ECDF052279EBEB00C67293 /* EmojiListViewModel.swift */ = {isa = PBXFileReference; lastKnownFileType = sourcecode.swift; path = EmojiListViewModel.swift; sourceTree = "<group>"; };
		F3ECDF092279FC3900C67293 /* emoji-data.json */ = {isa = PBXFileReference; lastKnownFileType = text.json; path = "emoji-data.json"; sourceTree = "<group>"; };
		F3ECDF0B227A277700C67293 /* SectionedTableViewDataSource.swift */ = {isa = PBXFileReference; lastKnownFileType = sourcecode.swift; path = SectionedTableViewDataSource.swift; sourceTree = "<group>"; };
		F3ECDF0E227A2ACC00C67293 /* TableViewDataSource+MakeForEmojis.swift */ = {isa = PBXFileReference; lastKnownFileType = sourcecode.swift; path = "TableViewDataSource+MakeForEmojis.swift"; sourceTree = "<group>"; };
		F3ECDF14227BAA0500C67293 /* EmojiTableViewCell.swift */ = {isa = PBXFileReference; lastKnownFileType = sourcecode.swift; path = EmojiTableViewCell.swift; sourceTree = "<group>"; };
		F3ECDF17227BAE2F00C67293 /* EmojiTableCellViewModel.swift */ = {isa = PBXFileReference; lastKnownFileType = sourcecode.swift; path = EmojiTableCellViewModel.swift; sourceTree = "<group>"; };
		F3ECDF1A227C75CD00C67293 /* AddEditEmojiViewController.swift */ = {isa = PBXFileReference; lastKnownFileType = sourcecode.swift; path = AddEditEmojiViewController.swift; sourceTree = "<group>"; };
/* End PBXFileReference section */

/* Begin PBXFrameworksBuildPhase section */
		F3ECDEDB22798D6000C67293 /* Frameworks */ = {
			isa = PBXFrameworksBuildPhase;
			buildActionMask = 2147483647;
			files = (
			);
			runOnlyForDeploymentPostprocessing = 0;
		};
/* End PBXFrameworksBuildPhase section */

/* Begin PBXGroup section */
		F3ECDED522798D6000C67293 = {
			isa = PBXGroup;
			children = (
				F3ECDEE022798D6000C67293 /* EmojiDictionary */,
				F3ECDEDF22798D6000C67293 /* Products */,
			);
			sourceTree = "<group>";
		};
		F3ECDEDF22798D6000C67293 /* Products */ = {
			isa = PBXGroup;
			children = (
				F3ECDEDE22798D6000C67293 /* EmojiDictionary.app */,
			);
			name = Products;
			sourceTree = "<group>";
		};
		F3ECDEE022798D6000C67293 /* EmojiDictionary */ = {
			isa = PBXGroup;
			children = (
				F3ECDF0D227A2A9000C67293 /* Extensions */,
				F3ECDEFE2279B22E00C67293 /* Helpers */,
				F3ECDEF622798DAD00C67293 /* Content */,
				F3ECDEF522798D9E00C67293 /* Reusables */,
				F3ECDEF422798D9800C67293 /* Models */,
				F3ECDEF322798D9000C67293 /* Scenes */,
				F3ECDEE122798D6000C67293 /* AppDelegate.swift */,
				F3ECDEEA22798D6100C67293 /* LaunchScreen.storyboard */,
				F3ECDEED22798D6100C67293 /* Info.plist */,
			);
			path = EmojiDictionary;
			sourceTree = "<group>";
		};
		F3ECDEF322798D9000C67293 /* Scenes */ = {
			isa = PBXGroup;
			children = (
				F3ECDEFB22799B8700C67293 /* Emojis */,
				F3ECDEE522798D6000C67293 /* Main.storyboard */,
			);
			path = Scenes;
			sourceTree = "<group>";
		};
		F3ECDEF422798D9800C67293 /* Models */ = {
			isa = PBXGroup;
			children = (
				F3ECDEF722798EDD00C67293 /* Emoji.swift */,
			);
			path = Models;
			sourceTree = "<group>";
		};
		F3ECDEF522798D9E00C67293 /* Reusables */ = {
			isa = PBXGroup;
			children = (
				F3ECDEFC22799BE100C67293 /* TableViewDataSource.swift */,
				F3ECDF0B227A277700C67293 /* SectionedTableViewDataSource.swift */,
				F31748AC227CE03C0096F751 /* PickerViewDataSource.swift */,
			);
			path = Reusables;
			sourceTree = "<group>";
		};
		F3ECDEF622798DAD00C67293 /* Content */ = {
			isa = PBXGroup;
			children = (
				F3ECDEE822798D6100C67293 /* Assets.xcassets */,
				F3ECDF092279FC3900C67293 /* emoji-data.json */,
			);
			path = Content;
			sourceTree = "<group>";
		};
		F3ECDEFB22799B8700C67293 /* Emojis */ = {
			isa = PBXGroup;
			children = (
				F3ECDF19227C758300C67293 /* AddEdit */,
				F3ECDF16227BAAAC00C67293 /* Cell */,
				F3ECDEF922799B8200C67293 /* EmojiListViewController.swift */,
				F3ECDF012279B77000C67293 /* EmojiManager.swift */,
				F3ECDF052279EBEB00C67293 /* EmojiListViewModel.swift */,
			);
			path = Emojis;
			sourceTree = "<group>";
		};
		F3ECDEFE2279B22E00C67293 /* Helpers */ = {
			isa = PBXGroup;
			children = (
				F3ECDEFF2279B24100C67293 /* StoryboardID.swift */,
				F3ECDF032279BD2E00C67293 /* Endpoint.swift */,
			);
			path = Helpers;
			sourceTree = "<group>";
		};
		F3ECDF0D227A2A9000C67293 /* Extensions */ = {
			isa = PBXGroup;
			children = (
				F3ECDF0E227A2ACC00C67293 /* TableViewDataSource+MakeForEmojis.swift */,
				F31748AE227D03D10096F751 /* UITableView+AbsoluteIndexForRowInSection.swift */,
				F31748C82280D62E0096F751 /* FileManager+UserDocumentsDirectory.swift */,
			);
			path = Extensions;
			sourceTree = "<group>";
		};
		F3ECDF16227BAAAC00C67293 /* Cell */ = {
			isa = PBXGroup;
			children = (
				F3ECDF14227BAA0500C67293 /* EmojiTableViewCell.swift */,
				F3ECDF17227BAE2F00C67293 /* EmojiTableCellViewModel.swift */,
			);
			path = Cell;
			sourceTree = "<group>";
		};
		F3ECDF19227C758300C67293 /* AddEdit */ = {
			isa = PBXGroup;
			children = (
				F3ECDF1A227C75CD00C67293 /* AddEditEmojiViewController.swift */,
			);
			path = AddEdit;
			sourceTree = "<group>";
		};
/* End PBXGroup section */

/* Begin PBXNativeTarget section */
		F3ECDEDD22798D6000C67293 /* EmojiDictionary */ = {
			isa = PBXNativeTarget;
			buildConfigurationList = F3ECDEF022798D6100C67293 /* Build configuration list for PBXNativeTarget "EmojiDictionary" */;
			buildPhases = (
				F3ECDEDA22798D6000C67293 /* Sources */,
				F3ECDEDB22798D6000C67293 /* Frameworks */,
				F3ECDEDC22798D6000C67293 /* Resources */,
			);
			buildRules = (
			);
			dependencies = (
			);
			name = EmojiDictionary;
			productName = EmojiDictionary;
			productReference = F3ECDEDE22798D6000C67293 /* EmojiDictionary.app */;
			productType = "com.apple.product-type.application";
		};
/* End PBXNativeTarget section */

/* Begin PBXProject section */
		F3ECDED622798D6000C67293 /* Project object */ = {
			isa = PBXProject;
			attributes = {
				LastSwiftUpdateCheck = 1020;
				LastUpgradeCheck = 1020;
				ORGANIZATIONNAME = "Brian Sipple";
				TargetAttributes = {
					F3ECDEDD22798D6000C67293 = {
						CreatedOnToolsVersion = 10.2.1;
					};
				};
			};
			buildConfigurationList = F3ECDED922798D6000C67293 /* Build configuration list for PBXProject "EmojiDictionary" */;
			compatibilityVersion = "Xcode 9.3";
			developmentRegion = en;
			hasScannedForEncodings = 0;
			knownRegions = (
				en,
				Base,
			);
			mainGroup = F3ECDED522798D6000C67293;
			productRefGroup = F3ECDEDF22798D6000C67293 /* Products */;
			projectDirPath = "";
			projectRoot = "";
			targets = (
				F3ECDEDD22798D6000C67293 /* EmojiDictionary */,
			);
		};
/* End PBXProject section */

/* Begin PBXResourcesBuildPhase section */
		F3ECDEDC22798D6000C67293 /* Resources */ = {
			isa = PBXResourcesBuildPhase;
			buildActionMask = 2147483647;
			files = (
				F3ECDEEC22798D6100C67293 /* LaunchScreen.storyboard in Resources */,
				F3ECDEE922798D6100C67293 /* Assets.xcassets in Resources */,
				F3ECDF0A2279FC3900C67293 /* emoji-data.json in Resources */,
				F3ECDEE722798D6000C67293 /* Main.storyboard in Resources */,
			);
			runOnlyForDeploymentPostprocessing = 0;
		};
/* End PBXResourcesBuildPhase section */

/* Begin PBXSourcesBuildPhase section */
		F3ECDEDA22798D6000C67293 /* Sources */ = {
			isa = PBXSourcesBuildPhase;
			buildActionMask = 2147483647;
			files = (
				F3ECDF042279BD2E00C67293 /* Endpoint.swift in Sources */,
				F31748AD227CE03C0096F751 /* PickerViewDataSource.swift in Sources */,
				F31748C92280D62E0096F751 /* FileManager+UserDocumentsDirectory.swift in Sources */,
				F3ECDEF822798EDD00C67293 /* Emoji.swift in Sources */,
				F3ECDEE222798D6000C67293 /* AppDelegate.swift in Sources */,
				F3ECDF1B227C75CD00C67293 /* AddEditEmojiViewController.swift in Sources */,
				F3ECDEFD22799BE100C67293 /* TableViewDataSource.swift in Sources */,
				F3ECDF022279B77000C67293 /* EmojiManager.swift in Sources */,
				F3ECDF18227BAE2F00C67293 /* EmojiTableCellViewModel.swift in Sources */,
				F3ECDF0C227A277700C67293 /* SectionedTableViewDataSource.swift in Sources */,
				F3ECDF0F227A2ACC00C67293 /* TableViewDataSource+MakeForEmojis.swift in Sources */,
				F3ECDEFA22799B8200C67293 /* EmojiListViewController.swift in Sources */,
				F3ECDF002279B24100C67293 /* StoryboardID.swift in Sources */,
				F31748AF227D03D10096F751 /* UITableView+AbsoluteIndexForRowInSection.swift in Sources */,
				F3ECDF15227BAA0600C67293 /* EmojiTableViewCell.swift in Sources */,
				F3ECDF062279EBEB00C67293 /* EmojiListViewModel.swift in Sources */,
			);
			runOnlyForDeploymentPostprocessing = 0;
		};
/* End PBXSourcesBuildPhase section */

/* Begin PBXVariantGroup section */
		F3ECDEE522798D6000C67293 /* Main.storyboard */ = {
			isa = PBXVariantGroup;
			children = (
				F3ECDEE622798D6000C67293 /* Base */,
			);
			name = Main.storyboard;
			sourceTree = "<group>";
		};
		F3ECDEEA22798D6100C67293 /* LaunchScreen.storyboard */ = {
			isa = PBXVariantGroup;
			children = (
				F3ECDEEB22798D6100C67293 /* Base */,
			);
			name = LaunchScreen.storyboard;
			sourceTree = "<group>";
		};
/* End PBXVariantGroup section */

/* Begin XCBuildConfiguration section */
		F3ECDEEE22798D6100C67293 /* Debug */ = {
			isa = XCBuildConfiguration;
			buildSettings = {
				ALWAYS_SEARCH_USER_PATHS = NO;
				CLANG_ANALYZER_NONNULL = YES;
				CLANG_ANALYZER_NUMBER_OBJECT_CONVERSION = YES_AGGRESSIVE;
				CLANG_CXX_LANGUAGE_STANDARD = "gnu++14";
				CLANG_CXX_LIBRARY = "libc++";
				CLANG_ENABLE_MODULES = YES;
				CLANG_ENABLE_OBJC_ARC = YES;
				CLANG_ENABLE_OBJC_WEAK = YES;
				CLANG_WARN_BLOCK_CAPTURE_AUTORELEASING = YES;
				CLANG_WARN_BOOL_CONVERSION = YES;
				CLANG_WARN_COMMA = YES;
				CLANG_WARN_CONSTANT_CONVERSION = YES;
				CLANG_WARN_DEPRECATED_OBJC_IMPLEMENTATIONS = YES;
				CLANG_WARN_DIRECT_OBJC_ISA_USAGE = YES_ERROR;
				CLANG_WARN_DOCUMENTATION_COMMENTS = YES;
				CLANG_WARN_EMPTY_BODY = YES;
				CLANG_WARN_ENUM_CONVERSION = YES;
				CLANG_WARN_INFINITE_RECURSION = YES;
				CLANG_WARN_INT_CONVERSION = YES;
				CLANG_WARN_NON_LITERAL_NULL_CONVERSION = YES;
				CLANG_WARN_OBJC_IMPLICIT_RETAIN_SELF = YES;
				CLANG_WARN_OBJC_LITERAL_CONVERSION = YES;
				CLANG_WARN_OBJC_ROOT_CLASS = YES_ERROR;
				CLANG_WARN_RANGE_LOOP_ANALYSIS = YES;
				CLANG_WARN_STRICT_PROTOTYPES = YES;
				CLANG_WARN_SUSPICIOUS_MOVE = YES;
				CLANG_WARN_UNGUARDED_AVAILABILITY = YES_AGGRESSIVE;
				CLANG_WARN_UNREACHABLE_CODE = YES;
				CLANG_WARN__DUPLICATE_METHOD_MATCH = YES;
				CODE_SIGN_IDENTITY = "iPhone Developer";
				COPY_PHASE_STRIP = NO;
				DEBUG_INFORMATION_FORMAT = dwarf;
				ENABLE_STRICT_OBJC_MSGSEND = YES;
				ENABLE_TESTABILITY = YES;
				GCC_C_LANGUAGE_STANDARD = gnu11;
				GCC_DYNAMIC_NO_PIC = NO;
				GCC_NO_COMMON_BLOCKS = YES;
				GCC_OPTIMIZATION_LEVEL = 0;
				GCC_PREPROCESSOR_DEFINITIONS = (
					"DEBUG=1",
					"$(inherited)",
				);
				GCC_WARN_64_TO_32_BIT_CONVERSION = YES;
				GCC_WARN_ABOUT_RETURN_TYPE = YES_ERROR;
				GCC_WARN_UNDECLARED_SELECTOR = YES;
				GCC_WARN_UNINITIALIZED_AUTOS = YES_AGGRESSIVE;
				GCC_WARN_UNUSED_FUNCTION = YES;
				GCC_WARN_UNUSED_VARIABLE = YES;
				IPHONEOS_DEPLOYMENT_TARGET = 12.2;
				MTL_ENABLE_DEBUG_INFO = INCLUDE_SOURCE;
				MTL_FAST_MATH = YES;
				ONLY_ACTIVE_ARCH = YES;
				SDKROOT = iphoneos;
				SWIFT_ACTIVE_COMPILATION_CONDITIONS = DEBUG;
				SWIFT_OPTIMIZATION_LEVEL = "-Onone";
			};
			name = Debug;
		};
		F3ECDEEF22798D6100C67293 /* Release */ = {
			isa = XCBuildConfiguration;
			buildSettings = {
				ALWAYS_SEARCH_USER_PATHS = NO;
				CLANG_ANALYZER_NONNULL = YES;
				CLANG_ANALYZER_NUMBER_OBJECT_CONVERSION = YES_AGGRESSIVE;
				CLANG_CXX_LANGUAGE_STANDARD = "gnu++14";
				CLANG_CXX_LIBRARY = "libc++";
				CLANG_ENABLE_MODULES = YES;
				CLANG_ENABLE_OBJC_ARC = YES;
				CLANG_ENABLE_OBJC_WEAK = YES;
				CLANG_WARN_BLOCK_CAPTURE_AUTORELEASING = YES;
				CLANG_WARN_BOOL_CONVERSION = YES;
				CLANG_WARN_COMMA = YES;
				CLANG_WARN_CONSTANT_CONVERSION = YES;
				CLANG_WARN_DEPRECATED_OBJC_IMPLEMENTATIONS = YES;
				CLANG_WARN_DIRECT_OBJC_ISA_USAGE = YES_ERROR;
				CLANG_WARN_DOCUMENTATION_COMMENTS = YES;
				CLANG_WARN_EMPTY_BODY = YES;
				CLANG_WARN_ENUM_CONVERSION = YES;
				CLANG_WARN_INFINITE_RECURSION = YES;
				CLANG_WARN_INT_CONVERSION = YES;
				CLANG_WARN_NON_LITERAL_NULL_CONVERSION = YES;
				CLANG_WARN_OBJC_IMPLICIT_RETAIN_SELF = YES;
				CLANG_WARN_OBJC_LITERAL_CONVERSION = YES;
				CLANG_WARN_OBJC_ROOT_CLASS = YES_ERROR;
				CLANG_WARN_RANGE_LOOP_ANALYSIS = YES;
				CLANG_WARN_STRICT_PROTOTYPES = YES;
				CLANG_WARN_SUSPICIOUS_MOVE = YES;
				CLANG_WARN_UNGUARDED_AVAILABILITY = YES_AGGRESSIVE;
				CLANG_WARN_UNREACHABLE_CODE = YES;
				CLANG_WARN__DUPLICATE_METHOD_MATCH = YES;
				CODE_SIGN_IDENTITY = "iPhone Developer";
				COPY_PHASE_STRIP = NO;
				DEBUG_INFORMATION_FORMAT = "dwarf-with-dsym";
				ENABLE_NS_ASSERTIONS = NO;
				ENABLE_STRICT_OBJC_MSGSEND = YES;
				GCC_C_LANGUAGE_STANDARD = gnu11;
				GCC_NO_COMMON_BLOCKS = YES;
				GCC_WARN_64_TO_32_BIT_CONVERSION = YES;
				GCC_WARN_ABOUT_RETURN_TYPE = YES_ERROR;
				GCC_WARN_UNDECLARED_SELECTOR = YES;
				GCC_WARN_UNINITIALIZED_AUTOS = YES_AGGRESSIVE;
				GCC_WARN_UNUSED_FUNCTION = YES;
				GCC_WARN_UNUSED_VARIABLE = YES;
				IPHONEOS_DEPLOYMENT_TARGET = 12.2;
				MTL_ENABLE_DEBUG_INFO = NO;
				MTL_FAST_MATH = YES;
				SDKROOT = iphoneos;
				SWIFT_COMPILATION_MODE = wholemodule;
				SWIFT_OPTIMIZATION_LEVEL = "-O";
				VALIDATE_PRODUCT = YES;
			};
			name = Release;
		};
		F3ECDEF122798D6100C67293 /* Debug */ = {
			isa = XCBuildConfiguration;
			buildSettings = {
				ASSETCATALOG_COMPILER_APPICON_NAME = AppIcon;
				CODE_SIGN_STYLE = Automatic;
				DEVELOPMENT_TEAM = QRXXH2RKAG;
				INFOPLIST_FILE = EmojiDictionary/Info.plist;
				LD_RUNPATH_SEARCH_PATHS = (
					"$(inherited)",
					"@executable_path/Frameworks",
				);
				PRODUCT_BUNDLE_IDENTIFIER = io.sipple.EmojiDictionary;
				PRODUCT_NAME = "$(TARGET_NAME)";
				SWIFT_VERSION = 5.0;
				TARGETED_DEVICE_FAMILY = "1,2";
			};
			name = Debug;
		};
		F3ECDEF222798D6100C67293 /* Release */ = {
			isa = XCBuildConfiguration;
			buildSettings = {
				ASSETCATALOG_COMPILER_APPICON_NAME = AppIcon;
				CODE_SIGN_STYLE = Automatic;
				DEVELOPMENT_TEAM = QRXXH2RKAG;
				INFOPLIST_FILE = EmojiDictionary/Info.plist;
				LD_RUNPATH_SEARCH_PATHS = (
					"$(inherited)",
					"@executable_path/Frameworks",
				);
				PRODUCT_BUNDLE_IDENTIFIER = io.sipple.EmojiDictionary;
				PRODUCT_NAME = "$(TARGET_NAME)";
				SWIFT_VERSION = 5.0;
				TARGETED_DEVICE_FAMILY = "1,2";
			};
			name = Release;
		};
/* End XCBuildConfiguration section */

/* Begin XCConfigurationList section */
		F3ECDED922798D6000C67293 /* Build configuration list for PBXProject "EmojiDictionary" */ = {
			isa = XCConfigurationList;
			buildConfigurations = (
				F3ECDEEE22798D6100C67293 /* Debug */,
				F3ECDEEF22798D6100C67293 /* Release */,
			);
			defaultConfigurationIsVisible = 0;
			defaultConfigurationName = Release;
		};
		F3ECDEF022798D6100C67293 /* Build configuration list for PBXNativeTarget "EmojiDictionary" */ = {
			isa = XCConfigurationList;
			buildConfigurations = (
				F3ECDEF122798D6100C67293 /* Debug */,
				F3ECDEF222798D6100C67293 /* Release */,
			);
			defaultConfigurationIsVisible = 0;
			defaultConfigurationName = Release;
		};
/* End XCConfigurationList section */
	};
	rootObject = F3ECDED622798D6000C67293 /* Project object */;
}
